
Microsoft Visual Studio Solution File, Format Version 12.00
# Visual Studio Version 17
VisualStudioVersion = 17.1.32328.378
MinimumVisualStudioVersion = 10.0.40219.1
Project("{9A19103F-16F7-4668-BE54-9A1E7A4F7556}") = "TryBeingFitApp", "TryBeingFitApp\TryBeingFitApp.csproj", "{41876BA4-BBB6-4F2B-969A-540F9E13885A}"
EndProject
Project("{2150E333-8FDC-42A3-9474-1A3956D46DE8}") = "Solution Items", "Solution Items", "{1D0D0614-8A0A-4F78-AB15-716A49BB39FC}"
	ProjectSection(SolutionItems) = preProject
		README.md = README.md
	EndProjectSection
EndProject
Project("{9A19103F-16F7-4668-BE54-9A1E7A4F7556}") = "Models", "Models\Models.csproj", "{F4D29DA7-C2FB-459E-BB62-A1B8F4C20C6B}"
EndProject
Project("{9A19103F-16F7-4668-BE54-9A1E7A4F7556}") = "Utils", "Utils\Utils.csproj", "{3645F3BA-4029-4F60-8E19-FF225D36318D}"
EndProject
Project("{9A19103F-16F7-4668-BE54-9A1E7A4F7556}") = "Data", "Data\Data.csproj", "{7FB8AA67-2129-40FC-BCCB-E796F3B5C1EA}"
EndProject
Project("{9A19103F-16F7-4668-BE54-9A1E7A4F7556}") = "Services", "Services\Services.csproj", "{02F7B126-C99B-4FEF-A601-B724B3D592FB}"
EndProject
Project("{FAE04EC0-301F-11D3-BF4B-00C04F79EFBC}") = "Interfaces", "Interfaces\Interfaces.csproj", "{97F13E2A-C09F-459A-A2BB-3C67C1F5ABA5}"
EndProject
Global
	GlobalSection(SolutionConfigurationPlatforms) = preSolution
		Debug|Any CPU = Debug|Any CPU
		Release|Any CPU = Release|Any CPU
	EndGlobalSection
	GlobalSection(ProjectConfigurationPlatforms) = postSolution
		{41876BA4-BBB6-4F2B-969A-540F9E13885A}.Debug|Any CPU.ActiveCfg = Debug|Any CPU
		{41876BA4-BBB6-4F2B-969A-540F9E13885A}.Debug|Any CPU.Build.0 = Debug|Any CPU
		{41876BA4-BBB6-4F2B-969A-540F9E13885A}.Release|Any CPU.ActiveCfg = Release|Any CPU
		{41876BA4-BBB6-4F2B-969A-540F9E13885A}.Release|Any CPU.Build.0 = Release|Any CPU
		{F4D29DA7-C2FB-459E-BB62-A1B8F4C20C6B}.Debug|Any CPU.ActiveCfg = Debug|Any CPU
		{F4D29DA7-C2FB-459E-BB62-A1B8F4C20C6B}.Debug|Any CPU.Build.0 = Debug|Any CPU
		{F4D29DA7-C2FB-459E-BB62-A1B8F4C20C6B}.Release|Any CPU.ActiveCfg = Release|Any CPU
		{F4D29DA7-C2FB-459E-BB62-A1B8F4C20C6B}.Release|Any CPU.Build.0 = Release|Any CPU
		{3645F3BA-4029-4F60-8E19-FF225D36318D}.Debug|Any CPU.ActiveCfg = Debug|Any CPU
		{3645F3BA-4029-4F60-8E19-FF225D36318D}.Debug|Any CPU.Build.0 = Debug|Any CPU
		{3645F3BA-4029-4F60-8E19-FF225D36318D}.Release|Any CPU.ActiveCfg = Release|Any CPU
		{3645F3BA-4029-4F60-8E19-FF225D36318D}.Release|Any CPU.Build.0 = Release|Any CPU
		{7FB8AA67-2129-40FC-BCCB-E796F3B5C1EA}.Debug|Any CPU.ActiveCfg = Debug|Any CPU
		{7FB8AA67-2129-40FC-BCCB-E796F3B5C1EA}.Debug|Any CPU.Build.0 = Debug|Any CPU
		{7FB8AA67-2129-40FC-BCCB-E796F3B5C1EA}.Release|Any CPU.ActiveCfg = Release|Any CPU
		{7FB8AA67-2129-40FC-BCCB-E796F3B5C1EA}.Release|Any CPU.Build.0 = Release|Any CPU
		{02F7B126-C99B-4FEF-A601-B724B3D592FB}.Debug|Any CPU.ActiveCfg = Debug|Any CPU
		{02F7B126-C99B-4FEF-A601-B724B3D592FB}.Debug|Any CPU.Build.0 = Debug|Any CPU
		{02F7B126-C99B-4FEF-A601-B724B3D592FB}.Release|Any CPU.ActiveCfg = Release|Any CPU
		{02F7B126-C99B-4FEF-A601-B724B3D592FB}.Release|Any CPU.Build.0 = Release|Any CPU
		{97F13E2A-C09F-459A-A2BB-3C67C1F5ABA5}.Debug|Any CPU.ActiveCfg = Debug|Any CPU
		{97F13E2A-C09F-459A-A2BB-3C67C1F5ABA5}.Debug|Any CPU.Build.0 = Debug|Any CPU
		{97F13E2A-C09F-459A-A2BB-3C67C1F5ABA5}.Release|Any CPU.ActiveCfg = Release|Any CPU
		{97F13E2A-C09F-459A-A2BB-3C67C1F5ABA5}.Release|Any CPU.Build.0 = Release|Any CPU
	EndGlobalSection
	GlobalSection(SolutionProperties) = preSolution
		HideSolutionNode = FALSE
	EndGlobalSection
	GlobalSection(ExtensibilityGlobals) = postSolution
		SolutionGuid = {D5F92634-A4B3-4331-88BC-2C78BA7BD815}
	EndGlobalSection
EndGlobal
