
Microsoft Visual Studio Solution File, Format Version 12.00
# Visual Studio Version 17
VisualStudioVersion = 17.1.32328.378
MinimumVisualStudioVersion = 10.0.40219.1
Project("{FAE04EC0-301F-11D3-BF4B-00C04F79EFBC}") = "SEDC.Oop.Class01.Exercise1", "SEDC.Oop.Class01.Exercise1\SEDC.Oop.Class01.Exercise1.csproj", "{7E6391A6-6783-4880-B1B0-999108D482F6}"
EndProject
Global
	GlobalSection(SolutionConfigurationPlatforms) = preSolution
		Debug|Any CPU = Debug|Any CPU
		Release|Any CPU = Release|Any CPU
	EndGlobalSection
	GlobalSection(ProjectConfigurationPlatforms) = postSolution
		{7E6391A6-6783-4880-B1B0-999108D482F6}.Debug|Any CPU.ActiveCfg = Debug|Any CPU
		{7E6391A6-6783-4880-B1B0-999108D482F6}.Debug|Any CPU.Build.0 = Debug|Any CPU
		{7E6391A6-6783-4880-B1B0-999108D482F6}.Release|Any CPU.ActiveCfg = Release|Any CPU
		{7E6391A6-6783-4880-B1B0-999108D482F6}.Release|Any CPU.Build.0 = Release|Any CPU
	EndGlobalSection
	GlobalSection(SolutionProperties) = preSolution
		HideSolutionNode = FALSE
	EndGlobalSection
	GlobalSection(ExtensibilityGlobals) = postSolution
		SolutionGuid = {47F2E943-801D-4BA3-B305-C9007B480AF6}
	EndGlobalSection
EndGlobal
