
Microsoft Visual Studio Solution File, Format Version 12.00
# Visual Studio Version 17
VisualStudioVersion = 17.1.32328.378
MinimumVisualStudioVersion = 10.0.40219.1
Project("{FAE04EC0-301F-11D3-BF4B-00C04F79EFBC}") = "TaxiManagerApp", "TaxiManagerApp\TaxiManagerApp.csproj", "{50307BB1-8169-4C3E-B7D0-60D5B6FCFE1C}"
EndProject
Project("{FAE04EC0-301F-11D3-BF4B-00C04F79EFBC}") = "Data", "TaxiManagerData\Data.csproj", "{EBB8E0B3-6588-404B-A652-B7DEE6C5057E}"
EndProject
Project("{FAE04EC0-301F-11D3-BF4B-00C04F79EFBC}") = "Models", "TaxiManagerModels\Models.csproj", "{EA06ADAB-33E8-4787-94D4-232EAC2D58E1}"
EndProject
Project("{FAE04EC0-301F-11D3-BF4B-00C04F79EFBC}") = "Services", "TaxiManagerServices\Services.csproj", "{E6E6B5F6-3FA3-42C5-A2CB-2D83EE01C9A2}"
EndProject
Project("{FAE04EC0-301F-11D3-BF4B-00C04F79EFBC}") = "Utils", "Utils\Utils.csproj", "{6D6FC3CC-F29F-4902-8805-68B4B93B23C2}"
EndProject
Global
	GlobalSection(SolutionConfigurationPlatforms) = preSolution
		Debug|Any CPU = Debug|Any CPU
		Release|Any CPU = Release|Any CPU
	EndGlobalSection
	GlobalSection(ProjectConfigurationPlatforms) = postSolution
		{50307BB1-8169-4C3E-B7D0-60D5B6FCFE1C}.Debug|Any CPU.ActiveCfg = Debug|Any CPU
		{50307BB1-8169-4C3E-B7D0-60D5B6FCFE1C}.Debug|Any CPU.Build.0 = Debug|Any CPU
		{50307BB1-8169-4C3E-B7D0-60D5B6FCFE1C}.Release|Any CPU.ActiveCfg = Release|Any CPU
		{50307BB1-8169-4C3E-B7D0-60D5B6FCFE1C}.Release|Any CPU.Build.0 = Release|Any CPU
		{EBB8E0B3-6588-404B-A652-B7DEE6C5057E}.Debug|Any CPU.ActiveCfg = Debug|Any CPU
		{EBB8E0B3-6588-404B-A652-B7DEE6C5057E}.Debug|Any CPU.Build.0 = Debug|Any CPU
		{EBB8E0B3-6588-404B-A652-B7DEE6C5057E}.Release|Any CPU.ActiveCfg = Release|Any CPU
		{EBB8E0B3-6588-404B-A652-B7DEE6C5057E}.Release|Any CPU.Build.0 = Release|Any CPU
		{EA06ADAB-33E8-4787-94D4-232EAC2D58E1}.Debug|Any CPU.ActiveCfg = Debug|Any CPU
		{EA06ADAB-33E8-4787-94D4-232EAC2D58E1}.Debug|Any CPU.Build.0 = Debug|Any CPU
		{EA06ADAB-33E8-4787-94D4-232EAC2D58E1}.Release|Any CPU.ActiveCfg = Release|Any CPU
		{EA06ADAB-33E8-4787-94D4-232EAC2D58E1}.Release|Any CPU.Build.0 = Release|Any CPU
		{E6E6B5F6-3FA3-42C5-A2CB-2D83EE01C9A2}.Debug|Any CPU.ActiveCfg = Debug|Any CPU
		{E6E6B5F6-3FA3-42C5-A2CB-2D83EE01C9A2}.Debug|Any CPU.Build.0 = Debug|Any CPU
		{E6E6B5F6-3FA3-42C5-A2CB-2D83EE01C9A2}.Release|Any CPU.ActiveCfg = Release|Any CPU
		{E6E6B5F6-3FA3-42C5-A2CB-2D83EE01C9A2}.Release|Any CPU.Build.0 = Release|Any CPU
		{6D6FC3CC-F29F-4902-8805-68B4B93B23C2}.Debug|Any CPU.ActiveCfg = Debug|Any CPU
		{6D6FC3CC-F29F-4902-8805-68B4B93B23C2}.Debug|Any CPU.Build.0 = Debug|Any CPU
		{6D6FC3CC-F29F-4902-8805-68B4B93B23C2}.Release|Any CPU.ActiveCfg = Release|Any CPU
		{6D6FC3CC-F29F-4902-8805-68B4B93B23C2}.Release|Any CPU.Build.0 = Release|Any CPU
	EndGlobalSection
	GlobalSection(SolutionProperties) = preSolution
		HideSolutionNode = FALSE
	EndGlobalSection
	GlobalSection(ExtensibilityGlobals) = postSolution
		SolutionGuid = {48ADEA32-FD65-4C58-95EC-C3229E69C5B6}
	EndGlobalSection
EndGlobal
