
Microsoft Visual Studio Solution File, Format Version 12.00
# Visual Studio Version 17
VisualStudioVersion = 17.1.32328.378
MinimumVisualStudioVersion = 10.0.40219.1
Project("{FAE04EC0-301F-11D3-BF4B-00C04F79EFBC}") = "SEDC.Oop.Class01.QuizApp", "SEDC.Oop.Class01.QuizApp\SEDC.Oop.Class01.QuizApp.csproj", "{2FD1D76C-2163-402E-B42C-38FE9DC55745}"
EndProject
Global
	GlobalSection(SolutionConfigurationPlatforms) = preSolution
		Debug|Any CPU = Debug|Any CPU
		Release|Any CPU = Release|Any CPU
	EndGlobalSection
	GlobalSection(ProjectConfigurationPlatforms) = postSolution
		{2FD1D76C-2163-402E-B42C-38FE9DC55745}.Debug|Any CPU.ActiveCfg = Debug|Any CPU
		{2FD1D76C-2163-402E-B42C-38FE9DC55745}.Debug|Any CPU.Build.0 = Debug|Any CPU
		{2FD1D76C-2163-402E-B42C-38FE9DC55745}.Release|Any CPU.ActiveCfg = Release|Any CPU
		{2FD1D76C-2163-402E-B42C-38FE9DC55745}.Release|Any CPU.Build.0 = Release|Any CPU
	EndGlobalSection
	GlobalSection(SolutionProperties) = preSolution
		HideSolutionNode = FALSE
	EndGlobalSection
	GlobalSection(ExtensibilityGlobals) = postSolution
		SolutionGuid = {F346856C-4724-4342-B36A-EB188B4F45CF}
	EndGlobalSection
EndGlobal
