
Microsoft Visual Studio Solution File, Format Version 12.00
# Visual Studio Version 17
VisualStudioVersion = 17.1.32328.378
MinimumVisualStudioVersion = 10.0.40219.1
Project("{9A19103F-16F7-4668-BE54-9A1E7A4F7556}") = "SEDC.Oop.Class04.GenericMethods", "SEDC.Oop.Class04.GenericMethods\SEDC.Oop.Class04.GenericMethods.csproj", "{9BF743DF-3F37-4C50-94FE-D8703A37D07C}"
EndProject
Project("{FAE04EC0-301F-11D3-BF4B-00C04F79EFBC}") = "SEDC.Oop.Class04.Exercise1", "SEDC.Oop.Class04.Exercise1\SEDC.Oop.Class04.Exercise1.csproj", "{3CC23ABE-3F1C-4A4E-A78F-D1D4DC381680}"
EndProject
Project("{FAE04EC0-301F-11D3-BF4B-00C04F79EFBC}") = "SEDC.Oop.Class04.Extensions", "SEDC.Oop.Class04.Extensions\SEDC.Oop.Class04.Extensions.csproj", "{7FA91C6A-7901-4BF9-BBDD-D1BB87A626B7}"
EndProject
Global
	GlobalSection(SolutionConfigurationPlatforms) = preSolution
		Debug|Any CPU = Debug|Any CPU
		Release|Any CPU = Release|Any CPU
	EndGlobalSection
	GlobalSection(ProjectConfigurationPlatforms) = postSolution
		{9BF743DF-3F37-4C50-94FE-D8703A37D07C}.Debug|Any CPU.ActiveCfg = Debug|Any CPU
		{9BF743DF-3F37-4C50-94FE-D8703A37D07C}.Debug|Any CPU.Build.0 = Debug|Any CPU
		{9BF743DF-3F37-4C50-94FE-D8703A37D07C}.Release|Any CPU.ActiveCfg = Release|Any CPU
		{9BF743DF-3F37-4C50-94FE-D8703A37D07C}.Release|Any CPU.Build.0 = Release|Any CPU
		{3CC23ABE-3F1C-4A4E-A78F-D1D4DC381680}.Debug|Any CPU.ActiveCfg = Debug|Any CPU
		{3CC23ABE-3F1C-4A4E-A78F-D1D4DC381680}.Debug|Any CPU.Build.0 = Debug|Any CPU
		{3CC23ABE-3F1C-4A4E-A78F-D1D4DC381680}.Release|Any CPU.ActiveCfg = Release|Any CPU
		{3CC23ABE-3F1C-4A4E-A78F-D1D4DC381680}.Release|Any CPU.Build.0 = Release|Any CPU
		{7FA91C6A-7901-4BF9-BBDD-D1BB87A626B7}.Debug|Any CPU.ActiveCfg = Debug|Any CPU
		{7FA91C6A-7901-4BF9-BBDD-D1BB87A626B7}.Debug|Any CPU.Build.0 = Debug|Any CPU
		{7FA91C6A-7901-4BF9-BBDD-D1BB87A626B7}.Release|Any CPU.ActiveCfg = Release|Any CPU
		{7FA91C6A-7901-4BF9-BBDD-D1BB87A626B7}.Release|Any CPU.Build.0 = Release|Any CPU
	EndGlobalSection
	GlobalSection(SolutionProperties) = preSolution
		HideSolutionNode = FALSE
	EndGlobalSection
	GlobalSection(ExtensibilityGlobals) = postSolution
		SolutionGuid = {6C498C7E-247D-4426-943F-EFA87FB1414F}
	EndGlobalSection
EndGlobal
